
Microsoft Visual Studio Solution File, Format Version 12.00
# Visual Studio Version 16
VisualStudioVersion = 16.0.30503.244
MinimumVisualStudioVersion = 10.0.40219.1
Project("{9A19103F-16F7-4668-BE54-9A1E7A4F7556}") = "HomeFinder.WebApi", "HomeFinder\HomeFinder.WebApi.csproj", "{7F57D97B-B281-4973-916C-D58B403F08D4}"
EndProject
Project("{9A19103F-16F7-4668-BE54-9A1E7A4F7556}") = "HomeFinder.Data", "HomeFinder.Data\HomeFinder.Data.csproj", "{EA9B3399-E6DF-4D4E-BD5F-72606DC1BB1E}"
EndProject
Project("{FAE04EC0-301F-11D3-BF4B-00C04F79EFBC}") = "HomeFinder.Services", "HomeFinder.Services\HomeFinder.Services.csproj", "{04982AA4-7849-4903-9EC0-ADC48C79BD58}"
EndProject
Global
	GlobalSection(SolutionConfigurationPlatforms) = preSolution
		Debug|Any CPU = Debug|Any CPU
		Release|Any CPU = Release|Any CPU
	EndGlobalSection
	GlobalSection(ProjectConfigurationPlatforms) = postSolution
		{7F57D97B-B281-4973-916C-D58B403F08D4}.Debug|Any CPU.ActiveCfg = Debug|Any CPU
		{7F57D97B-B281-4973-916C-D58B403F08D4}.Debug|Any CPU.Build.0 = Debug|Any CPU
		{7F57D97B-B281-4973-916C-D58B403F08D4}.Release|Any CPU.ActiveCfg = Release|Any CPU
		{7F57D97B-B281-4973-916C-D58B403F08D4}.Release|Any CPU.Build.0 = Release|Any CPU
		{EA9B3399-E6DF-4D4E-BD5F-72606DC1BB1E}.Debug|Any CPU.ActiveCfg = Debug|Any CPU
		{EA9B3399-E6DF-4D4E-BD5F-72606DC1BB1E}.Debug|Any CPU.Build.0 = Debug|Any CPU
		{EA9B3399-E6DF-4D4E-BD5F-72606DC1BB1E}.Release|Any CPU.ActiveCfg = Release|Any CPU
		{EA9B3399-E6DF-4D4E-BD5F-72606DC1BB1E}.Release|Any CPU.Build.0 = Release|Any CPU
		{04982AA4-7849-4903-9EC0-ADC48C79BD58}.Debug|Any CPU.ActiveCfg = Debug|Any CPU
		{04982AA4-7849-4903-9EC0-ADC48C79BD58}.Debug|Any CPU.Build.0 = Debug|Any CPU
		{04982AA4-7849-4903-9EC0-ADC48C79BD58}.Release|Any CPU.ActiveCfg = Release|Any CPU
		{04982AA4-7849-4903-9EC0-ADC48C79BD58}.Release|Any CPU.Build.0 = Release|Any CPU
	EndGlobalSection
	GlobalSection(SolutionProperties) = preSolution
		HideSolutionNode = FALSE
	EndGlobalSection
	GlobalSection(ExtensibilityGlobals) = postSolution
		SolutionGuid = {26DA5AD9-F61B-48D5-90E7-1E1602D66460}
	EndGlobalSection
EndGlobal
